
Microsoft Visual Studio Solution File, Format Version 12.00
# Visual Studio Version 17
VisualStudioVersion = 17.3.32922.545
MinimumVisualStudioVersion = 10.0.40219.1
Project("{9A19103F-16F7-4668-BE54-9A1E7A4F7556}") = "ProyectoSBooks.Web", "ProyectoSBooks\ProyectoSBooks.Web.csproj", "{4EB29E94-0479-41B6-BCCF-57189514D5FE}"
EndProject
Project("{9A19103F-16F7-4668-BE54-9A1E7A4F7556}") = "ProyectoSBooks.Api", "ProyectoSBooks.Api\ProyectoSBooks.Api.csproj", "{0D97DCD1-20F0-4DCB-9458-9425FBB55C7D}"
EndProject
Global
	GlobalSection(SolutionConfigurationPlatforms) = preSolution
		Debug|Any CPU = Debug|Any CPU
		Release|Any CPU = Release|Any CPU
	EndGlobalSection
	GlobalSection(ProjectConfigurationPlatforms) = postSolution
		{4EB29E94-0479-41B6-BCCF-57189514D5FE}.Debug|Any CPU.ActiveCfg = Debug|Any CPU
		{4EB29E94-0479-41B6-BCCF-57189514D5FE}.Debug|Any CPU.Build.0 = Debug|Any CPU
		{4EB29E94-0479-41B6-BCCF-57189514D5FE}.Release|Any CPU.ActiveCfg = Release|Any CPU
		{4EB29E94-0479-41B6-BCCF-57189514D5FE}.Release|Any CPU.Build.0 = Release|Any CPU
		{0D97DCD1-20F0-4DCB-9458-9425FBB55C7D}.Debug|Any CPU.ActiveCfg = Debug|Any CPU
		{0D97DCD1-20F0-4DCB-9458-9425FBB55C7D}.Debug|Any CPU.Build.0 = Debug|Any CPU
		{0D97DCD1-20F0-4DCB-9458-9425FBB55C7D}.Release|Any CPU.ActiveCfg = Release|Any CPU
		{0D97DCD1-20F0-4DCB-9458-9425FBB55C7D}.Release|Any CPU.Build.0 = Release|Any CPU
	EndGlobalSection
	GlobalSection(SolutionProperties) = preSolution
		HideSolutionNode = FALSE
	EndGlobalSection
	GlobalSection(ExtensibilityGlobals) = postSolution
		SolutionGuid = {2DCE252F-CA59-488B-B4A1-73C176D482A1}
	EndGlobalSection
EndGlobal
